// !$*UTF8*$!
{
	archiveVersion = 1;
	classes = {
	};
	objectVersion = 46;
	objects = {

/* Begin PBXBuildFile section */
		045406701EF358AE00A640F3 /* AppDelegate.swift in Sources */ = {isa = PBXBuildFile; fileRef = 0454066F1EF358AE00A640F3 /* AppDelegate.swift */; };
		045406721EF358AE00A640F3 /* ViewController.swift in Sources */ = {isa = PBXBuildFile; fileRef = 045406711EF358AE00A640F3 /* ViewController.swift */; };
		045406751EF358AE00A640F3 /* Main.storyboard in Resources */ = {isa = PBXBuildFile; fileRef = 045406731EF358AE00A640F3 /* Main.storyboard */; };
		045406781EF358AE00A640F3 /* DZUIKit.xcdatamodeld in Sources */ = {isa = PBXBuildFile; fileRef = 045406761EF358AE00A640F3 /* DZUIKit.xcdatamodeld */; };
		0454067A1EF358AE00A640F3 /* Assets.xcassets in Resources */ = {isa = PBXBuildFile; fileRef = 045406791EF358AE00A640F3 /* Assets.xcassets */; };
		0454067D1EF358AE00A640F3 /* LaunchScreen.storyboard in Resources */ = {isa = PBXBuildFile; fileRef = 0454067B1EF358AE00A640F3 /* LaunchScreen.storyboard */; };
		045406881EF358AF00A640F3 /* DZUIKitTests.swift in Sources */ = {isa = PBXBuildFile; fileRef = 045406871EF358AF00A640F3 /* DZUIKitTests.swift */; };
		045406931EF358AF00A640F3 /* DZUIKitUITests.swift in Sources */ = {isa = PBXBuildFile; fileRef = 045406921EF358AF00A640F3 /* DZUIKitUITests.swift */; };
		045406A21EF35D3900A640F3 /* DZNavigationViewController.swift in Sources */ = {isa = PBXBuildFile; fileRef = 045406A01EF35D3900A640F3 /* DZNavigationViewController.swift */; };
		045406A31EF35D3900A640F3 /* DZRootViewController.swift in Sources */ = {isa = PBXBuildFile; fileRef = 045406A11EF35D3900A640F3 /* DZRootViewController.swift */; };
		045406A61EF3609500A640F3 /* DZTabbar.swift in Sources */ = {isa = PBXBuildFile; fileRef = 045406A51EF3609500A640F3 /* DZTabbar.swift */; };
/* End PBXBuildFile section */

/* Begin PBXContainerItemProxy section */
		045406841EF358AF00A640F3 /* PBXContainerItemProxy */ = {
			isa = PBXContainerItemProxy;
			containerPortal = 045406641EF358AE00A640F3 /* Project object */;
			proxyType = 1;
			remoteGlobalIDString = 0454066B1EF358AE00A640F3;
			remoteInfo = DZUIKit;
		};
		0454068F1EF358AF00A640F3 /* PBXContainerItemProxy */ = {
			isa = PBXContainerItemProxy;
			containerPortal = 045406641EF358AE00A640F3 /* Project object */;
			proxyType = 1;
			remoteGlobalIDString = 0454066B1EF358AE00A640F3;
			remoteInfo = DZUIKit;
		};
/* End PBXContainerItemProxy section */

/* Begin PBXFileReference section */
		0454066C1EF358AE00A640F3 /* DZUIKit.app */ = {isa = PBXFileReference; explicitFileType = wrapper.application; includeInIndex = 0; path = DZUIKit.app; sourceTree = BUILT_PRODUCTS_DIR; };
		0454066F1EF358AE00A640F3 /* AppDelegate.swift */ = {isa = PBXFileReference; lastKnownFileType = sourcecode.swift; path = AppDelegate.swift; sourceTree = "<group>"; };
		045406711EF358AE00A640F3 /* ViewController.swift */ = {isa = PBXFileReference; lastKnownFileType = sourcecode.swift; path = ViewController.swift; sourceTree = "<group>"; };
		045406741EF358AE00A640F3 /* Base */ = {isa = PBXFileReference; lastKnownFileType = file.storyboard; name = Base; path = Base.lproj/Main.storyboard; sourceTree = "<group>"; };
		045406771EF358AE00A640F3 /* DZUIKit.xcdatamodel */ = {isa = PBXFileReference; lastKnownFileType = wrapper.xcdatamodel; path = DZUIKit.xcdatamodel; sourceTree = "<group>"; };
		045406791EF358AE00A640F3 /* Assets.xcassets */ = {isa = PBXFileReference; lastKnownFileType = folder.assetcatalog; path = Assets.xcassets; sourceTree = "<group>"; };
		0454067C1EF358AE00A640F3 /* Base */ = {isa = PBXFileReference; lastKnownFileType = file.storyboard; name = Base; path = Base.lproj/LaunchScreen.storyboard; sourceTree = "<group>"; };
		0454067E1EF358AE00A640F3 /* Info.plist */ = {isa = PBXFileReference; lastKnownFileType = text.plist.xml; path = Info.plist; sourceTree = "<group>"; };
		045406831EF358AF00A640F3 /* DZUIKitTests.xctest */ = {isa = PBXFileReference; explicitFileType = wrapper.cfbundle; includeInIndex = 0; path = DZUIKitTests.xctest; sourceTree = BUILT_PRODUCTS_DIR; };
		045406871EF358AF00A640F3 /* DZUIKitTests.swift */ = {isa = PBXFileReference; lastKnownFileType = sourcecode.swift; path = DZUIKitTests.swift; sourceTree = "<group>"; };
		045406891EF358AF00A640F3 /* Info.plist */ = {isa = PBXFileReference; lastKnownFileType = text.plist.xml; path = Info.plist; sourceTree = "<group>"; };
		0454068E1EF358AF00A640F3 /* DZUIKitUITests.xctest */ = {isa = PBXFileReference; explicitFileType = wrapper.cfbundle; includeInIndex = 0; path = DZUIKitUITests.xctest; sourceTree = BUILT_PRODUCTS_DIR; };
		045406921EF358AF00A640F3 /* DZUIKitUITests.swift */ = {isa = PBXFileReference; lastKnownFileType = sourcecode.swift; path = DZUIKitUITests.swift; sourceTree = "<group>"; };
		045406941EF358AF00A640F3 /* Info.plist */ = {isa = PBXFileReference; lastKnownFileType = text.plist.xml; path = Info.plist; sourceTree = "<group>"; };
		045406A01EF35D3900A640F3 /* DZNavigationViewController.swift */ = {isa = PBXFileReference; fileEncoding = 4; lastKnownFileType = sourcecode.swift; path = DZNavigationViewController.swift; sourceTree = "<group>"; };
		045406A11EF35D3900A640F3 /* DZRootViewController.swift */ = {isa = PBXFileReference; fileEncoding = 4; lastKnownFileType = sourcecode.swift; path = DZRootViewController.swift; sourceTree = "<group>"; };
		045406A51EF3609500A640F3 /* DZTabbar.swift */ = {isa = PBXFileReference; fileEncoding = 4; lastKnownFileType = sourcecode.swift; path = DZTabbar.swift; sourceTree = "<group>"; };
/* End PBXFileReference section */

/* Begin PBXFrameworksBuildPhase section */
		045406691EF358AE00A640F3 /* Frameworks */ = {
			isa = PBXFrameworksBuildPhase;
			buildActionMask = 2147483647;
			files = (
			);
			runOnlyForDeploymentPostprocessing = 0;
		};
		045406801EF358AF00A640F3 /* Frameworks */ = {
			isa = PBXFrameworksBuildPhase;
			buildActionMask = 2147483647;
			files = (
			);
			runOnlyForDeploymentPostprocessing = 0;
		};
		0454068B1EF358AF00A640F3 /* Frameworks */ = {
			isa = PBXFrameworksBuildPhase;
			buildActionMask = 2147483647;
			files = (
			);
			runOnlyForDeploymentPostprocessing = 0;
		};
/* End PBXFrameworksBuildPhase section */

/* Begin PBXGroup section */
		045406631EF358AE00A640F3 = {
			isa = PBXGroup;
			children = (
				0454066E1EF358AE00A640F3 /* DZUIKit */,
				045406861EF358AF00A640F3 /* DZUIKitTests */,
				045406911EF358AF00A640F3 /* DZUIKitUITests */,
				0454066D1EF358AE00A640F3 /* Products */,
			);
			sourceTree = "<group>";
		};
		0454066D1EF358AE00A640F3 /* Products */ = {
			isa = PBXGroup;
			children = (
				0454066C1EF358AE00A640F3 /* DZUIKit.app */,
				045406831EF358AF00A640F3 /* DZUIKitTests.xctest */,
				0454068E1EF358AF00A640F3 /* DZUIKitUITests.xctest */,
			);
			name = Products;
			sourceTree = "<group>";
		};
		0454066E1EF358AE00A640F3 /* DZUIKit */ = {
			isa = PBXGroup;
			children = (
				045406A41EF35FE900A640F3 /* CommonUI */,
				045406A01EF35D3900A640F3 /* DZNavigationViewController.swift */,
				045406A11EF35D3900A640F3 /* DZRootViewController.swift */,
				0454066F1EF358AE00A640F3 /* AppDelegate.swift */,
				045406711EF358AE00A640F3 /* ViewController.swift */,
				045406731EF358AE00A640F3 /* Main.storyboard */,
				045406791EF358AE00A640F3 /* Assets.xcassets */,
				0454067B1EF358AE00A640F3 /* LaunchScreen.storyboard */,
				0454067E1EF358AE00A640F3 /* Info.plist */,
				045406761EF358AE00A640F3 /* DZUIKit.xcdatamodeld */,
			);
			path = DZUIKit;
			sourceTree = "<group>";
		};
		045406861EF358AF00A640F3 /* DZUIKitTests */ = {
			isa = PBXGroup;
			children = (
				045406871EF358AF00A640F3 /* DZUIKitTests.swift */,
				045406891EF358AF00A640F3 /* Info.plist */,
			);
			path = DZUIKitTests;
			sourceTree = "<group>";
		};
		045406911EF358AF00A640F3 /* DZUIKitUITests */ = {
			isa = PBXGroup;
			children = (
				045406921EF358AF00A640F3 /* DZUIKitUITests.swift */,
				045406941EF358AF00A640F3 /* Info.plist */,
			);
			path = DZUIKitUITests;
			sourceTree = "<group>";
		};
		045406A41EF35FE900A640F3 /* CommonUI */ = {
			isa = PBXGroup;
			children = (
				045406A51EF3609500A640F3 /* DZTabbar.swift */,
			);
			path = CommonUI;
			sourceTree = "<group>";
		};
/* End PBXGroup section */

/* Begin PBXNativeTarget section */
		0454066B1EF358AE00A640F3 /* DZUIKit */ = {
			isa = PBXNativeTarget;
			buildConfigurationList = 045406971EF358AF00A640F3 /* Build configuration list for PBXNativeTarget "DZUIKit" */;
			buildPhases = (
				045406681EF358AE00A640F3 /* Sources */,
				045406691EF358AE00A640F3 /* Frameworks */,
				0454066A1EF358AE00A640F3 /* Resources */,
			);
			buildRules = (
			);
			dependencies = (
			);
			name = DZUIKit;
			productName = DZUIKit;
			productReference = 0454066C1EF358AE00A640F3 /* DZUIKit.app */;
			productType = "com.apple.product-type.application";
		};
		045406821EF358AF00A640F3 /* DZUIKitTests */ = {
			isa = PBXNativeTarget;
			buildConfigurationList = 0454069A1EF358AF00A640F3 /* Build configuration list for PBXNativeTarget "DZUIKitTests" */;
			buildPhases = (
				0454067F1EF358AF00A640F3 /* Sources */,
				045406801EF358AF00A640F3 /* Frameworks */,
				045406811EF358AF00A640F3 /* Resources */,
			);
			buildRules = (
			);
			dependencies = (
				045406851EF358AF00A640F3 /* PBXTargetDependency */,
			);
			name = DZUIKitTests;
			productName = DZUIKitTests;
			productReference = 045406831EF358AF00A640F3 /* DZUIKitTests.xctest */;
			productType = "com.apple.product-type.bundle.unit-test";
		};
		0454068D1EF358AF00A640F3 /* DZUIKitUITests */ = {
			isa = PBXNativeTarget;
			buildConfigurationList = 0454069D1EF358AF00A640F3 /* Build configuration list for PBXNativeTarget "DZUIKitUITests" */;
			buildPhases = (
				0454068A1EF358AF00A640F3 /* Sources */,
				0454068B1EF358AF00A640F3 /* Frameworks */,
				0454068C1EF358AF00A640F3 /* Resources */,
			);
			buildRules = (
			);
			dependencies = (
				045406901EF358AF00A640F3 /* PBXTargetDependency */,
			);
			name = DZUIKitUITests;
			productName = DZUIKitUITests;
			productReference = 0454068E1EF358AF00A640F3 /* DZUIKitUITests.xctest */;
			productType = "com.apple.product-type.bundle.ui-testing";
		};
/* End PBXNativeTarget section */

/* Begin PBXProject section */
		045406641EF358AE00A640F3 /* Project object */ = {
			isa = PBXProject;
			attributes = {
				LastSwiftUpdateCheck = 0830;
				LastUpgradeCheck = 0830;
				ORGANIZATIONNAME = MarkYang;
				TargetAttributes = {
					0454066B1EF358AE00A640F3 = {
						CreatedOnToolsVersion = 8.3.2;
						DevelopmentTeam = KMLNPQ88PK;
						ProvisioningStyle = Automatic;
					};
					045406821EF358AF00A640F3 = {
						CreatedOnToolsVersion = 8.3.2;
						DevelopmentTeam = KMLNPQ88PK;
						ProvisioningStyle = Automatic;
						TestTargetID = 0454066B1EF358AE00A640F3;
					};
					0454068D1EF358AF00A640F3 = {
						CreatedOnToolsVersion = 8.3.2;
						DevelopmentTeam = KMLNPQ88PK;
						ProvisioningStyle = Automatic;
						TestTargetID = 0454066B1EF358AE00A640F3;
					};
				};
			};
			buildConfigurationList = 045406671EF358AE00A640F3 /* Build configuration list for PBXProject "DZUIKit" */;
			compatibilityVersion = "Xcode 3.2";
			developmentRegion = English;
			hasScannedForEncodings = 0;
			knownRegions = (
				en,
				Base,
			);
			mainGroup = 045406631EF358AE00A640F3;
			productRefGroup = 0454066D1EF358AE00A640F3 /* Products */;
			projectDirPath = "";
			projectRoot = "";
			targets = (
				0454066B1EF358AE00A640F3 /* DZUIKit */,
				045406821EF358AF00A640F3 /* DZUIKitTests */,
				0454068D1EF358AF00A640F3 /* DZUIKitUITests */,
			);
		};
/* End PBXProject section */

/* Begin PBXResourcesBuildPhase section */
		0454066A1EF358AE00A640F3 /* Resources */ = {
			isa = PBXResourcesBuildPhase;
			buildActionMask = 2147483647;
			files = (
				0454067D1EF358AE00A640F3 /* LaunchScreen.storyboard in Resources */,
				0454067A1EF358AE00A640F3 /* Assets.xcassets in Resources */,
				045406751EF358AE00A640F3 /* Main.storyboard in Resources */,
			);
			runOnlyForDeploymentPostprocessing = 0;
		};
		045406811EF358AF00A640F3 /* Resources */ = {
			isa = PBXResourcesBuildPhase;
			buildActionMask = 2147483647;
			files = (
			);
			runOnlyForDeploymentPostprocessing = 0;
		};
		0454068C1EF358AF00A640F3 /* Resources */ = {
			isa = PBXResourcesBuildPhase;
			buildActionMask = 2147483647;
			files = (
			);
			runOnlyForDeploymentPostprocessing = 0;
		};
/* End PBXResourcesBuildPhase section */

/* Begin PBXSourcesBuildPhase section */
		045406681EF358AE00A640F3 /* Sources */ = {
			isa = PBXSourcesBuildPhase;
			buildActionMask = 2147483647;
			files = (
				045406A31EF35D3900A640F3 /* DZRootViewController.swift in Sources */,
				045406A21EF35D3900A640F3 /* DZNavigationViewController.swift in Sources */,
				045406721EF358AE00A640F3 /* ViewController.swift in Sources */,
				045406701EF358AE00A640F3 /* AppDelegate.swift in Sources */,
				045406781EF358AE00A640F3 /* DZUIKit.xcdatamodeld in Sources */,
				045406A61EF3609500A640F3 /* DZTabbar.swift in Sources */,
			);
			runOnlyForDeploymentPostprocessing = 0;
		};
		0454067F1EF358AF00A640F3 /* Sources */ = {
			isa = PBXSourcesBuildPhase;
			buildActionMask = 2147483647;
			files = (
				045406881EF358AF00A640F3 /* DZUIKitTests.swift in Sources */,
			);
			runOnlyForDeploymentPostprocessing = 0;
		};
		0454068A1EF358AF00A640F3 /* Sources */ = {
			isa = PBXSourcesBuildPhase;
			buildActionMask = 2147483647;
			files = (
				045406931EF358AF00A640F3 /* DZUIKitUITests.swift in Sources */,
			);
			runOnlyForDeploymentPostprocessing = 0;
		};
/* End PBXSourcesBuildPhase section */

/* Begin PBXTargetDependency section */
		045406851EF358AF00A640F3 /* PBXTargetDependency */ = {
			isa = PBXTargetDependency;
			target = 0454066B1EF358AE00A640F3 /* DZUIKit */;
			targetProxy = 045406841EF358AF00A640F3 /* PBXContainerItemProxy */;
		};
		045406901EF358AF00A640F3 /* PBXTargetDependency */ = {
			isa = PBXTargetDependency;
			target = 0454066B1EF358AE00A640F3 /* DZUIKit */;
			targetProxy = 0454068F1EF358AF00A640F3 /* PBXContainerItemProxy */;
		};
/* End PBXTargetDependency section */

/* Begin PBXVariantGroup section */
		045406731EF358AE00A640F3 /* Main.storyboard */ = {
			isa = PBXVariantGroup;
			children = (
				045406741EF358AE00A640F3 /* Base */,
			);
			name = Main.storyboard;
			sourceTree = "<group>";
		};
		0454067B1EF358AE00A640F3 /* LaunchScreen.storyboard */ = {
			isa = PBXVariantGroup;
			children = (
				0454067C1EF358AE00A640F3 /* Base */,
			);
			name = LaunchScreen.storyboard;
			sourceTree = "<group>";
		};
/* End PBXVariantGroup section */

/* Begin XCBuildConfiguration section */
		045406951EF358AF00A640F3 /* Debug */ = {
			isa = XCBuildConfiguration;
			buildSettings = {
				ALWAYS_SEARCH_USER_PATHS = NO;
				CLANG_ANALYZER_NONNULL = YES;
				CLANG_ANALYZER_NUMBER_OBJECT_CONVERSION = YES_AGGRESSIVE;
				CLANG_CXX_LANGUAGE_STANDARD = "gnu++0x";
				CLANG_CXX_LIBRARY = "libc++";
				CLANG_ENABLE_MODULES = YES;
				CLANG_ENABLE_OBJC_ARC = YES;
				CLANG_WARN_BOOL_CONVERSION = YES;
				CLANG_WARN_CONSTANT_CONVERSION = YES;
				CLANG_WARN_DIRECT_OBJC_ISA_USAGE = YES_ERROR;
				CLANG_WARN_DOCUMENTATION_COMMENTS = YES;
				CLANG_WARN_EMPTY_BODY = YES;
				CLANG_WARN_ENUM_CONVERSION = YES;
				CLANG_WARN_INFINITE_RECURSION = YES;
				CLANG_WARN_INT_CONVERSION = YES;
				CLANG_WARN_OBJC_ROOT_CLASS = YES_ERROR;
				CLANG_WARN_SUSPICIOUS_MOVE = YES;
				CLANG_WARN_UNREACHABLE_CODE = YES;
				CLANG_WARN__DUPLICATE_METHOD_MATCH = YES;
				"CODE_SIGN_IDENTITY[sdk=iphoneos*]" = "iPhone Developer";
				COPY_PHASE_STRIP = NO;
				DEBUG_INFORMATION_FORMAT = dwarf;
				ENABLE_STRICT_OBJC_MSGSEND = YES;
				ENABLE_TESTABILITY = YES;
				GCC_C_LANGUAGE_STANDARD = gnu99;
				GCC_DYNAMIC_NO_PIC = NO;
				GCC_NO_COMMON_BLOCKS = YES;
				GCC_OPTIMIZATION_LEVEL = 0;
				GCC_PREPROCESSOR_DEFINITIONS = (
					"DEBUG=1",
					"$(inherited)",
				);
				GCC_WARN_64_TO_32_BIT_CONVERSION = YES;
				GCC_WARN_ABOUT_RETURN_TYPE = YES_ERROR;
				GCC_WARN_UNDECLARED_SELECTOR = YES;
				GCC_WARN_UNINITIALIZED_AUTOS = YES_AGGRESSIVE;
				GCC_WARN_UNUSED_FUNCTION = YES;
				GCC_WARN_UNUSED_VARIABLE = YES;
				IPHONEOS_DEPLOYMENT_TARGET = 10.3;
				MTL_ENABLE_DEBUG_INFO = YES;
				ONLY_ACTIVE_ARCH = YES;
				SDKROOT = iphoneos;
				SWIFT_ACTIVE_COMPILATION_CONDITIONS = DEBUG;
				SWIFT_OPTIMIZATION_LEVEL = "-Onone";
			};
			name = Debug;
		};
		045406961EF358AF00A640F3 /* Release */ = {
			isa = XCBuildConfiguration;
			buildSettings = {
				ALWAYS_SEARCH_USER_PATHS = NO;
				CLANG_ANALYZER_NONNULL = YES;
				CLANG_ANALYZER_NUMBER_OBJECT_CONVERSION = YES_AGGRESSIVE;
				CLANG_CXX_LANGUAGE_STANDARD = "gnu++0x";
				CLANG_CXX_LIBRARY = "libc++";
				CLANG_ENABLE_MODULES = YES;
				CLANG_ENABLE_OBJC_ARC = YES;
				CLANG_WARN_BOOL_CONVERSION = YES;
				CLANG_WARN_CONSTANT_CONVERSION = YES;
				CLANG_WARN_DIRECT_OBJC_ISA_USAGE = YES_ERROR;
				CLANG_WARN_DOCUMENTATION_COMMENTS = YES;
				CLANG_WARN_EMPTY_BODY = YES;
				CLANG_WARN_ENUM_CONVERSION = YES;
				CLANG_WARN_INFINITE_RECURSION = YES;
				CLANG_WARN_INT_CONVERSION = YES;
				CLANG_WARN_OBJC_ROOT_CLASS = YES_ERROR;
				CLANG_WARN_SUSPICIOUS_MOVE = YES;
				CLANG_WARN_UNREACHABLE_CODE = YES;
				CLANG_WARN__DUPLICATE_METHOD_MATCH = YES;
				"CODE_SIGN_IDENTITY[sdk=iphoneos*]" = "iPhone Developer";
				COPY_PHASE_STRIP = NO;
				DEBUG_INFORMATION_FORMAT = "dwarf-with-dsym";
				ENABLE_NS_ASSERTIONS = NO;
				ENABLE_STRICT_OBJC_MSGSEND = YES;
				GCC_C_LANGUAGE_STANDARD = gnu99;
				GCC_NO_COMMON_BLOCKS = YES;
				GCC_WARN_64_TO_32_BIT_CONVERSION = YES;
				GCC_WARN_ABOUT_RETURN_TYPE = YES_ERROR;
				GCC_WARN_UNDECLARED_SELECTOR = YES;
				GCC_WARN_UNINITIALIZED_AUTOS = YES_AGGRESSIVE;
				GCC_WARN_UNUSED_FUNCTION = YES;
				GCC_WARN_UNUSED_VARIABLE = YES;
				IPHONEOS_DEPLOYMENT_TARGET = 10.3;
				MTL_ENABLE_DEBUG_INFO = NO;
				SDKROOT = iphoneos;
				SWIFT_OPTIMIZATION_LEVEL = "-Owholemodule";
				VALIDATE_PRODUCT = YES;
			};
			name = Release;
		};
		045406981EF358AF00A640F3 /* Debug */ = {
			isa = XCBuildConfiguration;
			buildSettings = {
				ASSETCATALOG_COMPILER_APPICON_NAME = AppIcon;
				DEVELOPMENT_TEAM = KMLNPQ88PK;
				INFOPLIST_FILE = DZUIKit/Info.plist;
				LD_RUNPATH_SEARCH_PATHS = "$(inherited) @executable_path/Frameworks";
				PRODUCT_BUNDLE_IDENTIFIER = dongzheng.yang.DZUIKit;
				PRODUCT_NAME = "$(TARGET_NAME)";
				SWIFT_VERSION = 3.0;
			};
			name = Debug;
		};
		045406991EF358AF00A640F3 /* Release */ = {
			isa = XCBuildConfiguration;
			buildSettings = {
				ASSETCATALOG_COMPILER_APPICON_NAME = AppIcon;
				DEVELOPMENT_TEAM = KMLNPQ88PK;
				INFOPLIST_FILE = DZUIKit/Info.plist;
				LD_RUNPATH_SEARCH_PATHS = "$(inherited) @executable_path/Frameworks";
				PRODUCT_BUNDLE_IDENTIFIER = dongzheng.yang.DZUIKit;
				PRODUCT_NAME = "$(TARGET_NAME)";
				SWIFT_VERSION = 3.0;
			};
			name = Release;
		};
		0454069B1EF358AF00A640F3 /* Debug */ = {
			isa = XCBuildConfiguration;
			buildSettings = {
				ALWAYS_EMBED_SWIFT_STANDARD_LIBRARIES = YES;
				BUNDLE_LOADER = "$(TEST_HOST)";
				DEVELOPMENT_TEAM = KMLNPQ88PK;
				INFOPLIST_FILE = DZUIKitTests/Info.plist;
				LD_RUNPATH_SEARCH_PATHS = "$(inherited) @executable_path/Frameworks @loader_path/Frameworks";
				PRODUCT_BUNDLE_IDENTIFIER = dongzheng.yang.DZUIKitTests;
				PRODUCT_NAME = "$(TARGET_NAME)";
				SWIFT_VERSION = 3.0;
				TEST_HOST = "$(BUILT_PRODUCTS_DIR)/DZUIKit.app/DZUIKit";
			};
			name = Debug;
		};
		0454069C1EF358AF00A640F3 /* Release */ = {
			isa = XCBuildConfiguration;
			buildSettings = {
				ALWAYS_EMBED_SWIFT_STANDARD_LIBRARIES = YES;
				BUNDLE_LOADER = "$(TEST_HOST)";
				DEVELOPMENT_TEAM = KMLNPQ88PK;
				INFOPLIST_FILE = DZUIKitTests/Info.plist;
				LD_RUNPATH_SEARCH_PATHS = "$(inherited) @executable_path/Frameworks @loader_path/Frameworks";
				PRODUCT_BUNDLE_IDENTIFIER = dongzheng.yang.DZUIKitTests;
				PRODUCT_NAME = "$(TARGET_NAME)";
				SWIFT_VERSION = 3.0;
				TEST_HOST = "$(BUILT_PRODUCTS_DIR)/DZUIKit.app/DZUIKit";
			};
			name = Release;
		};
		0454069E1EF358AF00A640F3 /* Debug */ = {
			isa = XCBuildConfiguration;
			buildSettings = {
				ALWAYS_EMBED_SWIFT_STANDARD_LIBRARIES = YES;
				DEVELOPMENT_TEAM = KMLNPQ88PK;
				INFOPLIST_FILE = DZUIKitUITests/Info.plist;
				LD_RUNPATH_SEARCH_PATHS = "$(inherited) @executable_path/Frameworks @loader_path/Frameworks";
				PRODUCT_BUNDLE_IDENTIFIER = dongzheng.yang.DZUIKitUITests;
				PRODUCT_NAME = "$(TARGET_NAME)";
				SWIFT_VERSION = 3.0;
				TEST_TARGET_NAME = DZUIKit;
			};
			name = Debug;
		};
		0454069F1EF358AF00A640F3 /* Release */ = {
			isa = XCBuildConfiguration;
			buildSettings = {
				ALWAYS_EMBED_SWIFT_STANDARD_LIBRARIES = YES;
				DEVELOPMENT_TEAM = KMLNPQ88PK;
				INFOPLIST_FILE = DZUIKitUITests/Info.plist;
				LD_RUNPATH_SEARCH_PATHS = "$(inherited) @executable_path/Frameworks @loader_path/Frameworks";
				PRODUCT_BUNDLE_IDENTIFIER = dongzheng.yang.DZUIKitUITests;
				PRODUCT_NAME = "$(TARGET_NAME)";
				SWIFT_VERSION = 3.0;
				TEST_TARGET_NAME = DZUIKit;
			};
			name = Release;
		};
/* End XCBuildConfiguration section */

/* Begin XCConfigurationList section */
		045406671EF358AE00A640F3 /* Build configuration list for PBXProject "DZUIKit" */ = {
			isa = XCConfigurationList;
			buildConfigurations = (
				045406951EF358AF00A640F3 /* Debug */,
				045406961EF358AF00A640F3 /* Release */,
			);
			defaultConfigurationIsVisible = 0;
			defaultConfigurationName = Release;
		};
		045406971EF358AF00A640F3 /* Build configuration list for PBXNativeTarget "DZUIKit" */ = {
			isa = XCConfigurationList;
			buildConfigurations = (
				045406981EF358AF00A640F3 /* Debug */,
				045406991EF358AF00A640F3 /* Release */,
			);
			defaultConfigurationIsVisible = 0;
			defaultConfigurationName = Release;
		};
		0454069A1EF358AF00A640F3 /* Build configuration list for PBXNativeTarget "DZUIKitTests" */ = {
			isa = XCConfigurationList;
			buildConfigurations = (
				0454069B1EF358AF00A640F3 /* Debug */,
				0454069C1EF358AF00A640F3 /* Release */,
			);
			defaultConfigurationIsVisible = 0;
			defaultConfigurationName = Release;
		};
		0454069D1EF358AF00A640F3 /* Build configuration list for PBXNativeTarget "DZUIKitUITests" */ = {
			isa = XCConfigurationList;
			buildConfigurations = (
				0454069E1EF358AF00A640F3 /* Debug */,
				0454069F1EF358AF00A640F3 /* Release */,
			);
			defaultConfigurationIsVisible = 0;
			defaultConfigurationName = Release;
		};
/* End XCConfigurationList section */

/* Begin XCVersionGroup section */
		045406761EF358AE00A640F3 /* DZUIKit.xcdatamodeld */ = {
			isa = XCVersionGroup;
			children = (
				045406771EF358AE00A640F3 /* DZUIKit.xcdatamodel */,
			);
			currentVersion = 045406771EF358AE00A640F3 /* DZUIKit.xcdatamodel */;
			path = DZUIKit.xcdatamodeld;
			sourceTree = "<group>";
			versionGroupType = wrapper.xcdatamodel;
		};
/* End XCVersionGroup section */
	};
	rootObject = 045406641EF358AE00A640F3 /* Project object */;
}
